
Microsoft Visual Studio Solution File, Format Version 12.00
# Visual Studio Version 16
VisualStudioVersion = 16.0.29306.81
MinimumVisualStudioVersion = 10.0.40219.1
Project("{9A19103F-16F7-4668-BE54-9A1E7A4F7556}") = "CreateAndFake", "src\CreateAndFake\CreateAndFake.csproj", "{F77EEEB8-3D72-4BF9-A8FA-A2A0D136169B}"
EndProject
Project("{9A19103F-16F7-4668-BE54-9A1E7A4F7556}") = "CreateAndFakeTests", "tests\CreateAndFakeTests\CreateAndFakeTests.csproj", "{FDB610D5-22AD-41F1-8E10-DFD3F0C7E7B5}"
	ProjectSection(ProjectDependencies) = postProject
		{F77EEEB8-3D72-4BF9-A8FA-A2A0D136169B} = {F77EEEB8-3D72-4BF9-A8FA-A2A0D136169B}
	EndProjectSection
EndProject
Project("{FAE04EC0-301F-11D3-BF4B-00C04F79EFBC}") = "Build", "src\Build\Build.csproj", "{8A9DE4F2-4FA4-4201-AC52-5A5FEB52BCCF}"
EndProject
Global
	GlobalSection(SolutionConfigurationPlatforms) = preSolution
		Debug|Any CPU = Debug|Any CPU
		Release|Any CPU = Release|Any CPU
	EndGlobalSection
	GlobalSection(ProjectConfigurationPlatforms) = postSolution
		{F77EEEB8-3D72-4BF9-A8FA-A2A0D136169B}.Debug|Any CPU.ActiveCfg = Debug|Any CPU
		{F77EEEB8-3D72-4BF9-A8FA-A2A0D136169B}.Debug|Any CPU.Build.0 = Debug|Any CPU
		{F77EEEB8-3D72-4BF9-A8FA-A2A0D136169B}.Release|Any CPU.ActiveCfg = Release|Any CPU
		{F77EEEB8-3D72-4BF9-A8FA-A2A0D136169B}.Release|Any CPU.Build.0 = Release|Any CPU
		{FDB610D5-22AD-41F1-8E10-DFD3F0C7E7B5}.Debug|Any CPU.ActiveCfg = Debug|Any CPU
		{FDB610D5-22AD-41F1-8E10-DFD3F0C7E7B5}.Debug|Any CPU.Build.0 = Debug|Any CPU
		{FDB610D5-22AD-41F1-8E10-DFD3F0C7E7B5}.Release|Any CPU.ActiveCfg = Release|Any CPU
		{FDB610D5-22AD-41F1-8E10-DFD3F0C7E7B5}.Release|Any CPU.Build.0 = Release|Any CPU
		{8A9DE4F2-4FA4-4201-AC52-5A5FEB52BCCF}.Debug|Any CPU.ActiveCfg = Debug|Any CPU
		{8A9DE4F2-4FA4-4201-AC52-5A5FEB52BCCF}.Debug|Any CPU.Build.0 = Debug|Any CPU
		{8A9DE4F2-4FA4-4201-AC52-5A5FEB52BCCF}.Release|Any CPU.ActiveCfg = Release|Any CPU
		{8A9DE4F2-4FA4-4201-AC52-5A5FEB52BCCF}.Release|Any CPU.Build.0 = Release|Any CPU
	EndGlobalSection
	GlobalSection(SolutionProperties) = preSolution
		HideSolutionNode = FALSE
	EndGlobalSection
	GlobalSection(ExtensibilityGlobals) = postSolution
		SolutionGuid = {2E04E3CC-869E-469A-BE61-FE8C557D937F}
	EndGlobalSection
EndGlobal
